
Microsoft Visual Studio Solution File, Format Version 12.00
Project("{FAE04EC0-301F-11D3-BF4B-00C04F79EFBC}") = "Presentation", "Presentation\Presentation.csproj", "{D1E0BC58-449D-4C8B-8AE4-89236DEB3865}"
EndProject
Project("{2150E333-8FDC-42A3-9474-1A3956D46DE8}") = "Backend", "Backend", "{6532B836-0AF3-4BB8-896B-E6ECC6E410C3}"
EndProject
Project("{2150E333-8FDC-42A3-9474-1A3956D46DE8}") = "Frontend", "Frontend", "{61DB3901-9125-4B0D-854B-FECCFC73A698}"
EndProject
Project("{FAE04EC0-301F-11D3-BF4B-00C04F79EFBC}") = "Domain", "Domain\Domain.csproj", "{28E722A6-9066-442A-9851-9287FBDEEC0E}"
EndProject
Project("{FAE04EC0-301F-11D3-BF4B-00C04F79EFBC}") = "Application", "Application\Application.csproj", "{017B1CC8-9FC5-46A8-9748-9B6FBC1855B7}"
EndProject
Project("{FAE04EC0-301F-11D3-BF4B-00C04F79EFBC}") = "Infrastructure", "Infrastructure\Infrastructure.csproj", "{D9EFF6C3-E7EE-44E2-8C28-0C1E2AFB8979}"
EndProject
Project("{FAE04EC0-301F-11D3-BF4B-00C04F79EFBC}") = "Persistence", "Persistence\Persistence.csproj", "{1A06F4A5-CA25-4AE8-AE7F-E731515B2144}"
EndProject
Project("{FAE04EC0-301F-11D3-BF4B-00C04F79EFBC}") = "Database", "Database\Database.csproj", "{1CC83C12-C35C-4BC7-A3BF-4E0FFCEF9D56}"
EndProject
Project("{FAE04EC0-301F-11D3-BF4B-00C04F79EFBC}") = "Contracts", "Contracts\Contracts.csproj", "{FDB71B61-7917-4C7C-A2D3-5A873E0C43AE}"
EndProject
Global
	GlobalSection(SolutionConfigurationPlatforms) = preSolution
		Debug|Any CPU = Debug|Any CPU
		Release|Any CPU = Release|Any CPU
	EndGlobalSection
	GlobalSection(ProjectConfigurationPlatforms) = postSolution
		{D1E0BC58-449D-4C8B-8AE4-89236DEB3865}.Debug|Any CPU.ActiveCfg = Debug|Any CPU
		{D1E0BC58-449D-4C8B-8AE4-89236DEB3865}.Debug|Any CPU.Build.0 = Debug|Any CPU
		{D1E0BC58-449D-4C8B-8AE4-89236DEB3865}.Release|Any CPU.ActiveCfg = Release|Any CPU
		{D1E0BC58-449D-4C8B-8AE4-89236DEB3865}.Release|Any CPU.Build.0 = Release|Any CPU
		{28E722A6-9066-442A-9851-9287FBDEEC0E}.Debug|Any CPU.ActiveCfg = Debug|Any CPU
		{28E722A6-9066-442A-9851-9287FBDEEC0E}.Debug|Any CPU.Build.0 = Debug|Any CPU
		{28E722A6-9066-442A-9851-9287FBDEEC0E}.Release|Any CPU.ActiveCfg = Release|Any CPU
		{28E722A6-9066-442A-9851-9287FBDEEC0E}.Release|Any CPU.Build.0 = Release|Any CPU
		{017B1CC8-9FC5-46A8-9748-9B6FBC1855B7}.Debug|Any CPU.ActiveCfg = Debug|Any CPU
		{017B1CC8-9FC5-46A8-9748-9B6FBC1855B7}.Debug|Any CPU.Build.0 = Debug|Any CPU
		{017B1CC8-9FC5-46A8-9748-9B6FBC1855B7}.Release|Any CPU.ActiveCfg = Release|Any CPU
		{017B1CC8-9FC5-46A8-9748-9B6FBC1855B7}.Release|Any CPU.Build.0 = Release|Any CPU
		{D9EFF6C3-E7EE-44E2-8C28-0C1E2AFB8979}.Debug|Any CPU.ActiveCfg = Debug|Any CPU
		{D9EFF6C3-E7EE-44E2-8C28-0C1E2AFB8979}.Debug|Any CPU.Build.0 = Debug|Any CPU
		{D9EFF6C3-E7EE-44E2-8C28-0C1E2AFB8979}.Release|Any CPU.ActiveCfg = Release|Any CPU
		{D9EFF6C3-E7EE-44E2-8C28-0C1E2AFB8979}.Release|Any CPU.Build.0 = Release|Any CPU
		{1A06F4A5-CA25-4AE8-AE7F-E731515B2144}.Debug|Any CPU.ActiveCfg = Debug|Any CPU
		{1A06F4A5-CA25-4AE8-AE7F-E731515B2144}.Debug|Any CPU.Build.0 = Debug|Any CPU
		{1A06F4A5-CA25-4AE8-AE7F-E731515B2144}.Release|Any CPU.ActiveCfg = Release|Any CPU
		{1A06F4A5-CA25-4AE8-AE7F-E731515B2144}.Release|Any CPU.Build.0 = Release|Any CPU
		{1CC83C12-C35C-4BC7-A3BF-4E0FFCEF9D56}.Debug|Any CPU.ActiveCfg = Debug|Any CPU
		{1CC83C12-C35C-4BC7-A3BF-4E0FFCEF9D56}.Debug|Any CPU.Build.0 = Debug|Any CPU
		{1CC83C12-C35C-4BC7-A3BF-4E0FFCEF9D56}.Release|Any CPU.ActiveCfg = Release|Any CPU
		{1CC83C12-C35C-4BC7-A3BF-4E0FFCEF9D56}.Release|Any CPU.Build.0 = Release|Any CPU
		{FDB71B61-7917-4C7C-A2D3-5A873E0C43AE}.Debug|Any CPU.ActiveCfg = Debug|Any CPU
		{FDB71B61-7917-4C7C-A2D3-5A873E0C43AE}.Debug|Any CPU.Build.0 = Debug|Any CPU
		{FDB71B61-7917-4C7C-A2D3-5A873E0C43AE}.Release|Any CPU.ActiveCfg = Release|Any CPU
		{FDB71B61-7917-4C7C-A2D3-5A873E0C43AE}.Release|Any CPU.Build.0 = Release|Any CPU
	EndGlobalSection
	GlobalSection(NestedProjects) = preSolution
		{D1E0BC58-449D-4C8B-8AE4-89236DEB3865} = {6532B836-0AF3-4BB8-896B-E6ECC6E410C3}
		{28E722A6-9066-442A-9851-9287FBDEEC0E} = {6532B836-0AF3-4BB8-896B-E6ECC6E410C3}
		{017B1CC8-9FC5-46A8-9748-9B6FBC1855B7} = {6532B836-0AF3-4BB8-896B-E6ECC6E410C3}
		{D9EFF6C3-E7EE-44E2-8C28-0C1E2AFB8979} = {6532B836-0AF3-4BB8-896B-E6ECC6E410C3}
		{1A06F4A5-CA25-4AE8-AE7F-E731515B2144} = {6532B836-0AF3-4BB8-896B-E6ECC6E410C3}
		{1CC83C12-C35C-4BC7-A3BF-4E0FFCEF9D56} = {6532B836-0AF3-4BB8-896B-E6ECC6E410C3}
	EndGlobalSection
EndGlobal
